PackratFormat: 1.4
PackratVersion: 0.4.1.24
RVersion: 3.1.2
Repos: CRAN=http://cran.rstudio.com,
    BioCsoft=http://bioconductor.org/packages/2.14/bioc,
    BioCann=http://bioconductor.org/packages/2.14/data/annotation,
    BioCexp=http://bioconductor.org/packages/2.14/data/experiment,
    BioCextra=http://bioconductor.org/packages/2.14/extra

Package: packrat
Source: github
Version: 0.3.0.103
Hash: 75655ed7d0d37d9aa77a0f22729d524a0cba6375
GithubRepo: packrat
GithubUsername: rstudio
GithubRef: master
GithubSha1: 75655ed7d0d37d9aa77a0f22729d524a0cba6375

Package: rJava
Source: CRAN
Version: 0.9-6

Package: xlsx
Source: CRAN
Version: 0.5.7
Requires: rJava, xlsxjars

Package: xlsxjars
Source: CRAN
Version: 0.6.1
Requires: rJava
